# generated by rye
# use `rye lock` or `rye sync` to update this lockfile
#
# last locked with the following flags:
#   pre: false
#   features: []
#   all-features: false
#   with-sources: false
#   generate-hashes: false
#   universal: false

-e file:.
mouseinfo==0.1.3
    # via pyautogui
numpy==2.4.3
    # via opencv-python
opencv-python==4.13.0.92
    # via mac-to-iphone-ocr-bot
packaging==26.0
    # via pytesseract
pillow==12.1.1
    # via mac-to-iphone-ocr-bot
    # via pytesseract
pyautogui==0.9.54
    # via mac-to-iphone-ocr-bot
pygetwindow==0.0.9
    # via pyautogui
pymsgbox==2.0.1
    # via pyautogui
pynput==1.8.1
    # via mac-to-iphone-ocr-bot
pyobjc-core==12.1
    # via pyautogui
    # via pyobjc-framework-applicationservices
    # via pyobjc-framework-cocoa
    # via pyobjc-framework-coretext
    # via pyobjc-framework-quartz
pyobjc-framework-applicationservices==12.1
    # via pynput
pyobjc-framework-cocoa==12.1
    # via pyobjc-framework-applicationservices
    # via pyobjc-framework-coretext
    # via pyobjc-framework-quartz
pyobjc-framework-coretext==12.1
    # via pyobjc-framework-applicationservices
pyobjc-framework-quartz==12.1
    # via pyautogui
    # via pynput
    # via pyobjc-framework-applicationservices
    # via pyobjc-framework-coretext
pyperclip==1.11.0
    # via mouseinfo
pyrect==0.2.0
    # via pygetwindow
pyscreeze==1.0.1
    # via pyautogui
pytesseract==0.3.13
    # via mac-to-iphone-ocr-bot
pytweening==1.2.0
    # via pyautogui
rubicon-objc==0.5.3
    # via mouseinfo
six==1.17.0
    # via pynput
